
Microsoft Visual Studio Solution File, Format Version 12.00
# Visual Studio Version 16
VisualStudioVersion = 16.0.29020.237
MinimumVisualStudioVersion = 10.0.40219.1
Project("{FAE04EC0-301F-11D3-BF4B-00C04F79EFBC}") = "autSIMS", "autSIMS.csproj", "{035D4DC1-488D-42C2-B3C9-3385C0BA39DD}"
EndProject
Global
	GlobalSection(SolutionConfigurationPlatforms) = preSolution
		Debug|Any CPU = Debug|Any CPU
		Release|Any CPU = Release|Any CPU
	EndGlobalSection
	GlobalSection(ProjectConfigurationPlatforms) = postSolution
		{035D4DC1-488D-42C2-B3C9-3385C0BA39DD}.Debug|Any CPU.ActiveCfg = Debug|Any CPU
		{035D4DC1-488D-42C2-B3C9-3385C0BA39DD}.Debug|Any CPU.Build.0 = Debug|Any CPU
		{035D4DC1-488D-42C2-B3C9-3385C0BA39DD}.Release|Any CPU.ActiveCfg = Release|Any CPU
		{035D4DC1-488D-42C2-B3C9-3385C0BA39DD}.Release|Any CPU.Build.0 = Release|Any CPU
	EndGlobalSection
	GlobalSection(SolutionProperties) = preSolution
		HideSolutionNode = FALSE
	EndGlobalSection
	GlobalSection(ExtensibilityGlobals) = postSolution
		SolutionGuid = {897173B4-BF2B-49A1-A3C8-220F2C6744F2}
	EndGlobalSection
EndGlobal
